
Microsoft Visual Studio Solution File, Format Version 12.00
# Visual Studio Version 17
VisualStudioVersion = 17.9.34622.214
MinimumVisualStudioVersion = 10.0.40219.1
Project("{FAE04EC0-301F-11D3-BF4B-00C04F79EFBC}") = "HackerRankSolutions", "HackerRankSolutions.csproj", "{706F7465-36B3-4392-BBFE-67A6521551E9}"
EndProject
Global
	GlobalSection(SolutionConfigurationPlatforms) = preSolution
		Debug|Any CPU = Debug|Any CPU
		Release|Any CPU = Release|Any CPU
	EndGlobalSection
	GlobalSection(ProjectConfigurationPlatforms) = postSolution
		{706F7465-36B3-4392-BBFE-67A6521551E9}.Debug|Any CPU.ActiveCfg = Debug|Any CPU
		{706F7465-36B3-4392-BBFE-67A6521551E9}.Debug|Any CPU.Build.0 = Debug|Any CPU
		{706F7465-36B3-4392-BBFE-67A6521551E9}.Release|Any CPU.ActiveCfg = Release|Any CPU
		{706F7465-36B3-4392-BBFE-67A6521551E9}.Release|Any CPU.Build.0 = Release|Any CPU
	EndGlobalSection
	GlobalSection(SolutionProperties) = preSolution
		HideSolutionNode = FALSE
	EndGlobalSection
	GlobalSection(ExtensibilityGlobals) = postSolution
		SolutionGuid = {00B3D646-9CC0-4294-B06F-1AEA5DB953B1}
	EndGlobalSection
EndGlobal
